// !$*UTF8*$!
{
	archiveVersion = 1;
	classes = {
	};
	objectVersion = 46;
	objects = {

/* Begin PBXBuildFile section */
		4B1D40581A142CAA005F7F32 /* main.m in Sources */ = {isa = PBXBuildFile; fileRef = 4B1D40571A142CAA005F7F32 /* main.m */; };
		4B1D405B1A142CAA005F7F32 /* AppDelegate.m in Sources */ = {isa = PBXBuildFile; fileRef = 4B1D405A1A142CAA005F7F32 /* AppDelegate.m */; };
		4B1D405E1A142CAA005F7F32 /* ViewController.m in Sources */ = {isa = PBXBuildFile; fileRef = 4B1D405D1A142CAA005F7F32 /* ViewController.m */; };
		4B1D40611A142CAA005F7F32 /* Main.storyboard in Resources */ = {isa = PBXBuildFile; fileRef = 4B1D405F1A142CAA005F7F32 /* Main.storyboard */; };
		4B1D40631A142CAA005F7F32 /* Images.xcassets in Resources */ = {isa = PBXBuildFile; fileRef = 4B1D40621A142CAA005F7F32 /* Images.xcassets */; };
		4B1D40661A142CAA005F7F32 /* LaunchScreen.xib in Resources */ = {isa = PBXBuildFile; fileRef = 4B1D40641A142CAA005F7F32 /* LaunchScreen.xib */; };
		4B1D40721A142CAA005F7F32 /* AutoSizeTests.m in Sources */ = {isa = PBXBuildFile; fileRef = 4B1D40711A142CAA005F7F32 /* AutoSizeTests.m */; };
/* End PBXBuildFile section */

/* Begin PBXContainerItemProxy section */
		4B1D406C1A142CAA005F7F32 /* PBXContainerItemProxy */ = {
			isa = PBXContainerItemProxy;
			containerPortal = 4B1D404A1A142CA9005F7F32 /* Project object */;
			proxyType = 1;
			remoteGlobalIDString = 4B1D40511A142CAA005F7F32;
			remoteInfo = AutoSize;
		};
/* End PBXContainerItemProxy section */

/* Begin PBXFileReference section */
		4B1D40521A142CAA005F7F32 /* AutoSize.app */ = {isa = PBXFileReference; explicitFileType = wrapper.application; includeInIndex = 0; path = AutoSize.app; sourceTree = BUILT_PRODUCTS_DIR; };
		4B1D40561A142CAA005F7F32 /* Info.plist */ = {isa = PBXFileReference; lastKnownFileType = text.plist.xml; path = Info.plist; sourceTree = "<group>"; };
		4B1D40571A142CAA005F7F32 /* main.m */ = {isa = PBXFileReference; lastKnownFileType = sourcecode.c.objc; path = main.m; sourceTree = "<group>"; };
		4B1D40591A142CAA005F7F32 /* AppDelegate.h */ = {isa = PBXFileReference; lastKnownFileType = sourcecode.c.h; path = AppDelegate.h; sourceTree = "<group>"; };
		4B1D405A1A142CAA005F7F32 /* AppDelegate.m */ = {isa = PBXFileReference; lastKnownFileType = sourcecode.c.objc; path = AppDelegate.m; sourceTree = "<group>"; };
		4B1D405C1A142CAA005F7F32 /* ViewController.h */ = {isa = PBXFileReference; lastKnownFileType = sourcecode.c.h; path = ViewController.h; sourceTree = "<group>"; };
		4B1D405D1A142CAA005F7F32 /* ViewController.m */ = {isa = PBXFileReference; lastKnownFileType = sourcecode.c.objc; path = ViewController.m; sourceTree = "<group>"; };
		4B1D40601A142CAA005F7F32 /* Base */ = {isa = PBXFileReference; lastKnownFileType = file.storyboard; name = Base; path = Base.lproj/Main.storyboard; sourceTree = "<group>"; };
		4B1D40621A142CAA005F7F32 /* Images.xcassets */ = {isa = PBXFileReference; lastKnownFileType = folder.assetcatalog; path = Images.xcassets; sourceTree = "<group>"; };
		4B1D40651A142CAA005F7F32 /* Base */ = {isa = PBXFileReference; lastKnownFileType = file.xib; name = Base; path = Base.lproj/LaunchScreen.xib; sourceTree = "<group>"; };
		4B1D406B1A142CAA005F7F32 /* AutoSizeTests.xctest */ = {isa = PBXFileReference; explicitFileType = wrapper.cfbundle; includeInIndex = 0; path = AutoSizeTests.xctest; sourceTree = BUILT_PRODUCTS_DIR; };
		4B1D40701A142CAA005F7F32 /* Info.plist */ = {isa = PBXFileReference; lastKnownFileType = text.plist.xml; path = Info.plist; sourceTree = "<group>"; };
		4B1D40711A142CAA005F7F32 /* AutoSizeTests.m */ = {isa = PBXFileReference; lastKnownFileType = sourcecode.c.objc; path = AutoSizeTests.m; sourceTree = "<group>"; };
/* End PBXFileReference section */

/* Begin PBXFrameworksBuildPhase section */
		4B1D404F1A142CAA005F7F32 /* Frameworks */ = {
			isa = PBXFrameworksBuildPhase;
			buildActionMask = 2147483647;
			files = (
			);
			runOnlyForDeploymentPostprocessing = 0;
		};
		4B1D40681A142CAA005F7F32 /* Frameworks */ = {
			isa = PBXFrameworksBuildPhase;
			buildActionMask = 2147483647;
			files = (
			);
			runOnlyForDeploymentPostprocessing = 0;
		};
/* End PBXFrameworksBuildPhase section */

/* Begin PBXGroup section */
		4B1D40491A142CA9005F7F32 = {
			isa = PBXGroup;
			children = (
				4B1D40541A142CAA005F7F32 /* AutoSize */,
				4B1D406E1A142CAA005F7F32 /* AutoSizeTests */,
				4B1D40531A142CAA005F7F32 /* Products */,
			);
			sourceTree = "<group>";
		};
		4B1D40531A142CAA005F7F32 /* Products */ = {
			isa = PBXGroup;
			children = (
				4B1D40521A142CAA005F7F32 /* AutoSize.app */,
				4B1D406B1A142CAA005F7F32 /* AutoSizeTests.xctest */,
			);
			name = Products;
			sourceTree = "<group>";
		};
		4B1D40541A142CAA005F7F32 /* AutoSize */ = {
			isa = PBXGroup;
			children = (
				4B1D40591A142CAA005F7F32 /* AppDelegate.h */,
				4B1D405A1A142CAA005F7F32 /* AppDelegate.m */,
				4B1D405C1A142CAA005F7F32 /* ViewController.h */,
				4B1D405D1A142CAA005F7F32 /* ViewController.m */,
				4B1D405F1A142CAA005F7F32 /* Main.storyboard */,
				4B1D40621A142CAA005F7F32 /* Images.xcassets */,
				4B1D40641A142CAA005F7F32 /* LaunchScreen.xib */,
				4B1D40551A142CAA005F7F32 /* Supporting Files */,
			);
			path = AutoSize;
			sourceTree = "<group>";
		};
		4B1D40551A142CAA005F7F32 /* Supporting Files */ = {
			isa = PBXGroup;
			children = (
				4B1D40561A142CAA005F7F32 /* Info.plist */,
				4B1D40571A142CAA005F7F32 /* main.m */,
			);
			name = "Supporting Files";
			sourceTree = "<group>";
		};
		4B1D406E1A142CAA005F7F32 /* AutoSizeTests */ = {
			isa = PBXGroup;
			children = (
				4B1D40711A142CAA005F7F32 /* AutoSizeTests.m */,
				4B1D406F1A142CAA005F7F32 /* Supporting Files */,
			);
			path = AutoSizeTests;
			sourceTree = "<group>";
		};
		4B1D406F1A142CAA005F7F32 /* Supporting Files */ = {
			isa = PBXGroup;
			children = (
				4B1D40701A142CAA005F7F32 /* Info.plist */,
			);
			name = "Supporting Files";
			sourceTree = "<group>";
		};
/* End PBXGroup section */

/* Begin PBXNativeTarget section */
		4B1D40511A142CAA005F7F32 /* AutoSize */ = {
			isa = PBXNativeTarget;
			buildConfigurationList = 4B1D40751A142CAA005F7F32 /* Build configuration list for PBXNativeTarget "AutoSize" */;
			buildPhases = (
				4B1D404E1A142CAA005F7F32 /* Sources */,
				4B1D404F1A142CAA005F7F32 /* Frameworks */,
				4B1D40501A142CAA005F7F32 /* Resources */,
			);
			buildRules = (
			);
			dependencies = (
			);
			name = AutoSize;
			productName = AutoSize;
			productReference = 4B1D40521A142CAA005F7F32 /* AutoSize.app */;
			productType = "com.apple.product-type.application";
		};
		4B1D406A1A142CAA005F7F32 /* AutoSizeTests */ = {
			isa = PBXNativeTarget;
			buildConfigurationList = 4B1D40781A142CAA005F7F32 /* Build configuration list for PBXNativeTarget "AutoSizeTests" */;
			buildPhases = (
				4B1D40671A142CAA005F7F32 /* Sources */,
				4B1D40681A142CAA005F7F32 /* Frameworks */,
				4B1D40691A142CAA005F7F32 /* Resources */,
			);
			buildRules = (
			);
			dependencies = (
				4B1D406D1A142CAA005F7F32 /* PBXTargetDependency */,
			);
			name = AutoSizeTests;
			productName = AutoSizeTests;
			productReference = 4B1D406B1A142CAA005F7F32 /* AutoSizeTests.xctest */;
			productType = "com.apple.product-type.bundle.unit-test";
		};
/* End PBXNativeTarget section */

/* Begin PBXProject section */
		4B1D404A1A142CA9005F7F32 /* Project object */ = {
			isa = PBXProject;
			attributes = {
				LastUpgradeCheck = 0610;
				ORGANIZATIONNAME = Apress;
				TargetAttributes = {
					4B1D40511A142CAA005F7F32 = {
						CreatedOnToolsVersion = 6.1;
					};
					4B1D406A1A142CAA005F7F32 = {
						CreatedOnToolsVersion = 6.1;
						TestTargetID = 4B1D40511A142CAA005F7F32;
					};
				};
			};
			buildConfigurationList = 4B1D404D1A142CA9005F7F32 /* Build configuration list for PBXProject "AutoSize" */;
			compatibilityVersion = "Xcode 3.2";
			developmentRegion = English;
			hasScannedForEncodings = 0;
			knownRegions = (
				en,
				Base,
			);
			mainGroup = 4B1D40491A142CA9005F7F32;
			productRefGroup = 4B1D40531A142CAA005F7F32 /* Products */;
			projectDirPath = "";
			projectRoot = "";
			targets = (
				4B1D40511A142CAA005F7F32 /* AutoSize */,
				4B1D406A1A142CAA005F7F32 /* AutoSizeTests */,
			);
		};
/* End PBXProject section */

/* Begin PBXResourcesBuildPhase section */
		4B1D40501A142CAA005F7F32 /* Resources */ = {
			isa = PBXResourcesBuildPhase;
			buildActionMask = 2147483647;
			files = (
				4B1D40611A142CAA005F7F32 /* Main.storyboard in Resources */,
				4B1D40661A142CAA005F7F32 /* LaunchScreen.xib in Resources */,
				4B1D40631A142CAA005F7F32 /* Images.xcassets in Resources */,
			);
			runOnlyForDeploymentPostprocessing = 0;
		};
		4B1D40691A142CAA005F7F32 /* Resources */ = {
			isa = PBXResourcesBuildPhase;
			buildActionMask = 2147483647;
			files = (
			);
			runOnlyForDeploymentPostprocessing = 0;
		};
/* End PBXResourcesBuildPhase section */

/* Begin PBXSourcesBuildPhase section */
		4B1D404E1A142CAA005F7F32 /* Sources */ = {
			isa = PBXSourcesBuildPhase;
			buildActionMask = 2147483647;
			files = (
				4B1D405E1A142CAA005F7F32 /* ViewController.m in Sources */,
				4B1D405B1A142CAA005F7F32 /* AppDelegate.m in Sources */,
				4B1D40581A142CAA005F7F32 /* main.m in Sources */,
			);
			runOnlyForDeploymentPostprocessing = 0;
		};
		4B1D40671A142CAA005F7F32 /* Sources */ = {
			isa = PBXSourcesBuildPhase;
			buildActionMask = 2147483647;
			files = (
				4B1D40721A142CAA005F7F32 /* AutoSizeTests.m in Sources */,
			);
			runOnlyForDeploymentPostprocessing = 0;
		};
/* End PBXSourcesBuildPhase section */

/* Begin PBXTargetDependency section */
		4B1D406D1A142CAA005F7F32 /* PBXTargetDependency */ = {
			isa = PBXTargetDependency;
			target = 4B1D40511A142CAA005F7F32 /* AutoSize */;
			targetProxy = 4B1D406C1A142CAA005F7F32 /* PBXContainerItemProxy */;
		};
/* End PBXTargetDependency section */

/* Begin PBXVariantGroup section */
		4B1D405F1A142CAA005F7F32 /* Main.storyboard */ = {
			isa = PBXVariantGroup;
			children = (
				4B1D40601A142CAA005F7F32 /* Base */,
			);
			name = Main.storyboard;
			sourceTree = "<group>";
		};
		4B1D40641A142CAA005F7F32 /* LaunchScreen.xib */ = {
			isa = PBXVariantGroup;
			children = (
				4B1D40651A142CAA005F7F32 /* Base */,
			);
			name = LaunchScreen.xib;
			sourceTree = "<group>";
		};
/* End PBXVariantGroup section */

/* Begin XCBuildConfiguration section */
		4B1D40731A142CAA005F7F32 /* Debug */ = {
			isa = XCBuildConfiguration;
			buildSettings = {
				ALWAYS_SEARCH_USER_PATHS = NO;
				CLANG_CXX_LANGUAGE_STANDARD = "gnu++0x";
				CLANG_CXX_LIBRARY = "libc++";
				CLANG_ENABLE_MODULES = YES;
				CLANG_ENABLE_OBJC_ARC = YES;
				CLANG_WARN_BOOL_CONVERSION = YES;
				CLANG_WARN_CONSTANT_CONVERSION = YES;
				CLANG_WARN_DIRECT_OBJC_ISA_USAGE = YES_ERROR;
				CLANG_WARN_EMPTY_BODY = YES;
				CLANG_WARN_ENUM_CONVERSION = YES;
				CLANG_WARN_INT_CONVERSION = YES;
				CLANG_WARN_OBJC_ROOT_CLASS = YES_ERROR;
				CLANG_WARN_UNREACHABLE_CODE = YES;
				CLANG_WARN__DUPLICATE_METHOD_MATCH = YES;
				"CODE_SIGN_IDENTITY[sdk=iphoneos*]" = "iPhone Developer";
				COPY_PHASE_STRIP = NO;
				ENABLE_STRICT_OBJC_MSGSEND = YES;
				GCC_C_LANGUAGE_STANDARD = gnu99;
				GCC_DYNAMIC_NO_PIC = NO;
				GCC_OPTIMIZATION_LEVEL = 0;
				GCC_PREPROCESSOR_DEFINITIONS = (
					"DEBUG=1",
					"$(inherited)",
				);
				GCC_SYMBOLS_PRIVATE_EXTERN = NO;
				GCC_WARN_64_TO_32_BIT_CONVERSION = YES;
				GCC_WARN_ABOUT_RETURN_TYPE = YES_ERROR;
				GCC_WARN_UNDECLARED_SELECTOR = YES;
				GCC_WARN_UNINITIALIZED_AUTOS = YES_AGGRESSIVE;
				GCC_WARN_UNUSED_FUNCTION = YES;
				GCC_WARN_UNUSED_VARIABLE = YES;
				IPHONEOS_DEPLOYMENT_TARGET = 8.1;
				MTL_ENABLE_DEBUG_INFO = YES;
				ONLY_ACTIVE_ARCH = YES;
				SDKROOT = iphoneos;
			};
			name = Debug;
		};
		4B1D40741A142CAA005F7F32 /* Release */ = {
			isa = XCBuildConfiguration;
			buildSettings = {
				ALWAYS_SEARCH_USER_PATHS = NO;
				CLANG_CXX_LANGUAGE_STANDARD = "gnu++0x";
				CLANG_CXX_LIBRARY = "libc++";
				CLANG_ENABLE_MODULES = YES;
				CLANG_ENABLE_OBJC_ARC = YES;
				CLANG_WARN_BOOL_CONVERSION = YES;
				CLANG_WARN_CONSTANT_CONVERSION = YES;
				CLANG_WARN_DIRECT_OBJC_ISA_USAGE = YES_ERROR;
				CLANG_WARN_EMPTY_BODY = YES;
				CLANG_WARN_ENUM_CONVERSION = YES;
				CLANG_WARN_INT_CONVERSION = YES;
				CLANG_WARN_OBJC_ROOT_CLASS = YES_ERROR;
				CLANG_WARN_UNREACHABLE_CODE = YES;
				CLANG_WARN__DUPLICATE_METHOD_MATCH = YES;
				"CODE_SIGN_IDENTITY[sdk=iphoneos*]" = "iPhone Developer";
				COPY_PHASE_STRIP = YES;
				ENABLE_NS_ASSERTIONS = NO;
				ENABLE_STRICT_OBJC_MSGSEND = YES;
				GCC_C_LANGUAGE_STANDARD = gnu99;
				GCC_WARN_64_TO_32_BIT_CONVERSION = YES;
				GCC_WARN_ABOUT_RETURN_TYPE = YES_ERROR;
				GCC_WARN_UNDECLARED_SELECTOR = YES;
				GCC_WARN_UNINITIALIZED_AUTOS = YES_AGGRESSIVE;
				GCC_WARN_UNUSED_FUNCTION = YES;
				GCC_WARN_UNUSED_VARIABLE = YES;
				IPHONEOS_DEPLOYMENT_TARGET = 8.1;
				MTL_ENABLE_DEBUG_INFO = NO;
				SDKROOT = iphoneos;
				VALIDATE_PRODUCT = YES;
			};
			name = Release;
		};
		4B1D40761A142CAA005F7F32 /* Debug */ = {
			isa = XCBuildConfiguration;
			buildSettings = {
				ASSETCATALOG_COMPILER_APPICON_NAME = AppIcon;
				INFOPLIST_FILE = AutoSize/Info.plist;
				LD_RUNPATH_SEARCH_PATHS = "$(inherited) @executable_path/Frameworks";
				PRODUCT_NAME = "$(TARGET_NAME)";
			};
			name = Debug;
		};
		4B1D40771A142CAA005F7F32 /* Release */ = {
			isa = XCBuildConfiguration;
			buildSettings = {
				ASSETCATALOG_COMPILER_APPICON_NAME = AppIcon;
				INFOPLIST_FILE = AutoSize/Info.plist;
				LD_RUNPATH_SEARCH_PATHS = "$(inherited) @executable_path/Frameworks";
				PRODUCT_NAME = "$(TARGET_NAME)";
			};
			name = Release;
		};
		4B1D40791A142CAA005F7F32 /* Debug */ = {
			isa = XCBuildConfiguration;
			buildSettings = {
				BUNDLE_LOADER = "$(TEST_HOST)";
				FRAMEWORK_SEARCH_PATHS = (
					"$(SDKROOT)/Developer/Library/Frameworks",
					"$(inherited)",
				);
				GCC_PREPROCESSOR_DEFINITIONS = (
					"DEBUG=1",
					"$(inherited)",
				);
				INFOPLIST_FILE = AutoSizeTests/Info.plist;
				LD_RUNPATH_SEARCH_PATHS = "$(inherited) @executable_path/Frameworks @loader_path/Frameworks";
				PRODUCT_NAME = "$(TARGET_NAME)";
				TEST_HOST = "$(BUILT_PRODUCTS_DIR)/AutoSize.app/AutoSize";
			};
			name = Debug;
		};
		4B1D407A1A142CAA005F7F32 /* Release */ = {
			isa = XCBuildConfiguration;
			buildSettings = {
				BUNDLE_LOADER = "$(TEST_HOST)";
				FRAMEWORK_SEARCH_PATHS = (
					"$(SDKROOT)/Developer/Library/Frameworks",
					"$(inherited)",
				);
				INFOPLIST_FILE = AutoSizeTests/Info.plist;
				LD_RUNPATH_SEARCH_PATHS = "$(inherited) @executable_path/Frameworks @loader_path/Frameworks";
				PRODUCT_NAME = "$(TARGET_NAME)";
				TEST_HOST = "$(BUILT_PRODUCTS_DIR)/AutoSize.app/AutoSize";
			};
			name = Release;
		};
/* End XCBuildConfiguration section */

/* Begin XCConfigurationList section */
		4B1D404D1A142CA9005F7F32 /* Build configuration list for PBXProject "AutoSize" */ = {
			isa = XCConfigurationList;
			buildConfigurations = (
				4B1D40731A142CAA005F7F32 /* Debug */,
				4B1D40741A142CAA005F7F32 /* Release */,
			);
			defaultConfigurationIsVisible = 0;
			defaultConfigurationName = Release;
		};
		4B1D40751A142CAA005F7F32 /* Build configuration list for PBXNativeTarget "AutoSize" */ = {
			isa = XCConfigurationList;
			buildConfigurations = (
				4B1D40761A142CAA005F7F32 /* Debug */,
				4B1D40771A142CAA005F7F32 /* Release */,
			);
			defaultConfigurationIsVisible = 0;
		};
		4B1D40781A142CAA005F7F32 /* Build configuration list for PBXNativeTarget "AutoSizeTests" */ = {
			isa = XCConfigurationList;
			buildConfigurations = (
				4B1D40791A142CAA005F7F32 /* Debug */,
				4B1D407A1A142CAA005F7F32 /* Release */,
			);
			defaultConfigurationIsVisible = 0;
		};
/* End XCConfigurationList section */
	};
	rootObject = 4B1D404A1A142CA9005F7F32 /* Project object */;
}
